
Microsoft Visual Studio Solution File, Format Version 12.00
# Visual Studio 15
VisualStudioVersion = 15.0.28307.645
MinimumVisualStudioVersion = 10.0.40219.1
Project("{FAE04EC0-301F-11D3-BF4B-00C04F79EFBC}") = "Adater_Pattern", "Adater_Pattern\Adater_Pattern.csproj", "{AF98BF52-EC25-4E97-AD99-B39E1503D99B}"
EndProject
Global
	GlobalSection(SolutionConfigurationPlatforms) = preSolution
		Debug|Any CPU = Debug|Any CPU
		Release|Any CPU = Release|Any CPU
	EndGlobalSection
	GlobalSection(ProjectConfigurationPlatforms) = postSolution
		{AF98BF52-EC25-4E97-AD99-B39E1503D99B}.Debug|Any CPU.ActiveCfg = Debug|Any CPU
		{AF98BF52-EC25-4E97-AD99-B39E1503D99B}.Debug|Any CPU.Build.0 = Debug|Any CPU
		{AF98BF52-EC25-4E97-AD99-B39E1503D99B}.Release|Any CPU.ActiveCfg = Release|Any CPU
		{AF98BF52-EC25-4E97-AD99-B39E1503D99B}.Release|Any CPU.Build.0 = Release|Any CPU
	EndGlobalSection
	GlobalSection(SolutionProperties) = preSolution
		HideSolutionNode = FALSE
	EndGlobalSection
	GlobalSection(ExtensibilityGlobals) = postSolution
		SolutionGuid = {AC1FA6F5-76CF-4869-8255-0B6BE158BA44}
	EndGlobalSection
EndGlobal
